// !$*UTF8*$!
{
	archiveVersion = 1;
	classes = {
	};
	objectVersion = 48;
	objects = {

/* Begin PBXBuildFile section */
		A061FCF62006770600FD01D5 /* NetworkExtension.framework in Frameworks */ = {isa = PBXBuildFile; fileRef = A061FCF52006770600FD01D5 /* NetworkExtension.framework */; };
		A061FCFF2006777F00FD01D5 /* PacketTunnelProvider.swift in Sources */ = {isa = PBXBuildFile; fileRef = A061FCFE2006777F00FD01D5 /* PacketTunnelProvider.swift */; };
		A061FD042006777F00FD01D5 /* Extension.appex in Embed App Extensions */ = {isa = PBXBuildFile; fileRef = A061FCFC2006777F00FD01D5 /* Extension.appex */; settings = {ATTRIBUTES = (RemoveHeadersOnCopy, ); }; };
		A061FD09200677AF00FD01D5 /* NetworkExtension.framework in Frameworks */ = {isa = PBXBuildFile; fileRef = A061FCF52006770600FD01D5 /* NetworkExtension.framework */; };
		A0753B762006736F00EF26B6 /* AppDelegate.swift in Sources */ = {isa = PBXBuildFile; fileRef = A0753B752006736F00EF26B6 /* AppDelegate.swift */; };
		A0753B782006736F00EF26B6 /* MainViewController.swift in Sources */ = {isa = PBXBuildFile; fileRef = A0753B772006736F00EF26B6 /* MainViewController.swift */; };
		A0753B7B2006736F00EF26B6 /* Main.storyboard in Resources */ = {isa = PBXBuildFile; fileRef = A0753B792006736F00EF26B6 /* Main.storyboard */; };
		A0753B7D2006736F00EF26B6 /* Assets.xcassets in Resources */ = {isa = PBXBuildFile; fileRef = A0753B7C2006736F00EF26B6 /* Assets.xcassets */; };
		A0753B802006736F00EF26B6 /* LaunchScreen.storyboard in Resources */ = {isa = PBXBuildFile; fileRef = A0753B7E2006736F00EF26B6 /* LaunchScreen.storyboard */; };
		A0EAFF892007AE9E00E4453A /* EncryptionViewController.swift in Sources */ = {isa = PBXBuildFile; fileRef = A0EAFF882007AE9E00E4453A /* EncryptionViewController.swift */; };
/* End PBXBuildFile section */

/* Begin PBXContainerItemProxy section */
		A061FD022006777F00FD01D5 /* PBXContainerItemProxy */ = {
			isa = PBXContainerItemProxy;
			containerPortal = A0753B6A2006736E00EF26B6 /* Project object */;
			proxyType = 1;
			remoteGlobalIDString = A061FCFB2006777F00FD01D5;
			remoteInfo = extension;
		};
/* End PBXContainerItemProxy section */

/* Begin PBXCopyFilesBuildPhase section */
		A061FD082006777F00FD01D5 /* Embed App Extensions */ = {
			isa = PBXCopyFilesBuildPhase;
			buildActionMask = 2147483647;
			dstPath = "";
			dstSubfolderSpec = 13;
			files = (
				A061FD042006777F00FD01D5 /* Extension.appex in Embed App Extensions */,
			);
			name = "Embed App Extensions";
			runOnlyForDeploymentPostprocessing = 0;
		};
/* End PBXCopyFilesBuildPhase section */

/* Begin PBXFileReference section */
		A061FCF52006770600FD01D5 /* NetworkExtension.framework */ = {isa = PBXFileReference; lastKnownFileType = wrapper.framework; name = NetworkExtension.framework; path = System/Library/Frameworks/NetworkExtension.framework; sourceTree = SDKROOT; };
		A061FCF72006770600FD01D5 /* iONE.entitlements */ = {isa = PBXFileReference; lastKnownFileType = text.plist.entitlements; path = iONE.entitlements; sourceTree = "<group>"; };
		A061FCFC2006777F00FD01D5 /* Extension.appex */ = {isa = PBXFileReference; explicitFileType = "wrapper.app-extension"; includeInIndex = 0; path = Extension.appex; sourceTree = BUILT_PRODUCTS_DIR; };
		A061FCFE2006777F00FD01D5 /* PacketTunnelProvider.swift */ = {isa = PBXFileReference; lastKnownFileType = sourcecode.swift; path = PacketTunnelProvider.swift; sourceTree = "<group>"; };
		A061FD002006777F00FD01D5 /* Info.plist */ = {isa = PBXFileReference; lastKnownFileType = text.plist.xml; path = Info.plist; sourceTree = "<group>"; };
		A061FD012006777F00FD01D5 /* Extension.entitlements */ = {isa = PBXFileReference; lastKnownFileType = text.plist.entitlements; path = Extension.entitlements; sourceTree = "<group>"; };
		A061FD0A200685B300FD01D5 /* README.md */ = {isa = PBXFileReference; lastKnownFileType = net.daringfireball.markdown; path = README.md; sourceTree = "<group>"; };
		A061FD0D2006873C00FD01D5 /* paper-plane.svg */ = {isa = PBXFileReference; lastKnownFileType = text.xml; path = "paper-plane.svg"; sourceTree = "<group>"; };
		A0753B722006736F00EF26B6 /* iONE.app */ = {isa = PBXFileReference; explicitFileType = wrapper.application; includeInIndex = 0; path = iONE.app; sourceTree = BUILT_PRODUCTS_DIR; };
		A0753B752006736F00EF26B6 /* AppDelegate.swift */ = {isa = PBXFileReference; lastKnownFileType = sourcecode.swift; path = AppDelegate.swift; sourceTree = "<group>"; };
		A0753B772006736F00EF26B6 /* MainViewController.swift */ = {isa = PBXFileReference; lastKnownFileType = sourcecode.swift; path = MainViewController.swift; sourceTree = "<group>"; };
		A0753B7A2006736F00EF26B6 /* Base */ = {isa = PBXFileReference; lastKnownFileType = file.storyboard; name = Base; path = Base.lproj/Main.storyboard; sourceTree = "<group>"; };
		A0753B7C2006736F00EF26B6 /* Assets.xcassets */ = {isa = PBXFileReference; lastKnownFileType = folder.assetcatalog; path = Assets.xcassets; sourceTree = "<group>"; };
		A0753B7F2006736F00EF26B6 /* Base */ = {isa = PBXFileReference; lastKnownFileType = file.storyboard; name = Base; path = Base.lproj/LaunchScreen.storyboard; sourceTree = "<group>"; };
		A0753B812006736F00EF26B6 /* Info.plist */ = {isa = PBXFileReference; lastKnownFileType = text.plist.xml; path = Info.plist; sourceTree = "<group>"; };
		A0EAFF882007AE9E00E4453A /* EncryptionViewController.swift */ = {isa = PBXFileReference; lastKnownFileType = sourcecode.swift; path = EncryptionViewController.swift; sourceTree = "<group>"; };
/* End PBXFileReference section */

/* Begin PBXFrameworksBuildPhase section */
		A061FCF92006777F00FD01D5 /* Frameworks */ = {
			isa = PBXFrameworksBuildPhase;
			buildActionMask = 2147483647;
			files = (
				A061FD09200677AF00FD01D5 /* NetworkExtension.framework in Frameworks */,
			);
			runOnlyForDeploymentPostprocessing = 0;
		};
		A0753B6F2006736F00EF26B6 /* Frameworks */ = {
			isa = PBXFrameworksBuildPhase;
			buildActionMask = 2147483647;
			files = (
				A061FCF62006770600FD01D5 /* NetworkExtension.framework in Frameworks */,
			);
			runOnlyForDeploymentPostprocessing = 0;
		};
/* End PBXFrameworksBuildPhase section */

/* Begin PBXGroup section */
		A061FCF42006770600FD01D5 /* Frameworks */ = {
			isa = PBXGroup;
			children = (
				A061FCF52006770600FD01D5 /* NetworkExtension.framework */,
			);
			name = Frameworks;
			sourceTree = "<group>";
		};
		A061FCFD2006777F00FD01D5 /* Extension */ = {
			isa = PBXGroup;
			children = (
				A061FCFE2006777F00FD01D5 /* PacketTunnelProvider.swift */,
				A061FD002006777F00FD01D5 /* Info.plist */,
				A061FD012006777F00FD01D5 /* Extension.entitlements */,
			);
			path = Extension;
			sourceTree = "<group>";
		};
		A061FD0C2006872800FD01D5 /* misc */ = {
			isa = PBXGroup;
			children = (
				A061FD0A200685B300FD01D5 /* README.md */,
				A061FD0D2006873C00FD01D5 /* paper-plane.svg */,
			);
			path = misc;
			sourceTree = "<group>";
		};
		A0753B692006736E00EF26B6 = {
			isa = PBXGroup;
			children = (
				A0753B742006736F00EF26B6 /* iONE */,
				A061FCFD2006777F00FD01D5 /* Extension */,
				A061FD0C2006872800FD01D5 /* misc */,
				A0753B732006736F00EF26B6 /* Products */,
				A061FCF42006770600FD01D5 /* Frameworks */,
			);
			sourceTree = "<group>";
		};
		A0753B732006736F00EF26B6 /* Products */ = {
			isa = PBXGroup;
			children = (
				A0753B722006736F00EF26B6 /* iONE.app */,
				A061FCFC2006777F00FD01D5 /* Extension.appex */,
			);
			name = Products;
			sourceTree = "<group>";
		};
		A0753B742006736F00EF26B6 /* iONE */ = {
			isa = PBXGroup;
			children = (
				A061FCF72006770600FD01D5 /* iONE.entitlements */,
				A0753B752006736F00EF26B6 /* AppDelegate.swift */,
				A0753B772006736F00EF26B6 /* MainViewController.swift */,
				A0EAFF882007AE9E00E4453A /* EncryptionViewController.swift */,
				A0753B792006736F00EF26B6 /* Main.storyboard */,
				A0753B7C2006736F00EF26B6 /* Assets.xcassets */,
				A0753B7E2006736F00EF26B6 /* LaunchScreen.storyboard */,
				A0753B812006736F00EF26B6 /* Info.plist */,
			);
			path = iONE;
			sourceTree = "<group>";
		};
/* End PBXGroup section */

/* Begin PBXNativeTarget section */
		A061FCFB2006777F00FD01D5 /* Extension */ = {
			isa = PBXNativeTarget;
			buildConfigurationList = A061FD052006777F00FD01D5 /* Build configuration list for PBXNativeTarget "Extension" */;
			buildPhases = (
				A061FCF82006777F00FD01D5 /* Sources */,
				A061FCF92006777F00FD01D5 /* Frameworks */,
				A061FCFA2006777F00FD01D5 /* Resources */,
			);
			buildRules = (
			);
			dependencies = (
			);
			name = Extension;
			productName = extension;
			productReference = A061FCFC2006777F00FD01D5 /* Extension.appex */;
			productType = "com.apple.product-type.app-extension";
		};
		A0753B712006736F00EF26B6 /* iONE */ = {
			isa = PBXNativeTarget;
			buildConfigurationList = A0753B842006736F00EF26B6 /* Build configuration list for PBXNativeTarget "iONE" */;
			buildPhases = (
				A0753B6E2006736F00EF26B6 /* Sources */,
				A0753B6F2006736F00EF26B6 /* Frameworks */,
				A0753B702006736F00EF26B6 /* Resources */,
				A061FD082006777F00FD01D5 /* Embed App Extensions */,
			);
			buildRules = (
			);
			dependencies = (
				A061FD032006777F00FD01D5 /* PBXTargetDependency */,
			);
			name = iONE;
			productName = iONE;
			productReference = A0753B722006736F00EF26B6 /* iONE.app */;
			productType = "com.apple.product-type.application";
		};
/* End PBXNativeTarget section */

/* Begin PBXProject section */
		A0753B6A2006736E00EF26B6 /* Project object */ = {
			isa = PBXProject;
			attributes = {
				LastSwiftUpdateCheck = 0920;
				LastUpgradeCheck = 0920;
				ORGANIZATIONNAME = "Guardian Project";
				TargetAttributes = {
					A061FCFB2006777F00FD01D5 = {
						CreatedOnToolsVersion = 9.2;
						ProvisioningStyle = Manual;
						SystemCapabilities = {
							com.apple.ApplicationGroups.iOS = {
								enabled = 0;
							};
							com.apple.NetworkExtensions.iOS = {
								enabled = 1;
							};
						};
					};
					A0753B712006736F00EF26B6 = {
						CreatedOnToolsVersion = 9.2;
						ProvisioningStyle = Manual;
						SystemCapabilities = {
							com.apple.NetworkExtensions.iOS = {
								enabled = 1;
							};
						};
					};
				};
			};
			buildConfigurationList = A0753B6D2006736E00EF26B6 /* Build configuration list for PBXProject "iONE" */;
			compatibilityVersion = "Xcode 8.0";
			developmentRegion = en;
			hasScannedForEncodings = 0;
			knownRegions = (
				en,
				Base,
			);
			mainGroup = A0753B692006736E00EF26B6;
			productRefGroup = A0753B732006736F00EF26B6 /* Products */;
			projectDirPath = "";
			projectRoot = "";
			targets = (
				A0753B712006736F00EF26B6 /* iONE */,
				A061FCFB2006777F00FD01D5 /* Extension */,
			);
		};
/* End PBXProject section */

/* Begin PBXResourcesBuildPhase section */
		A061FCFA2006777F00FD01D5 /* Resources */ = {
			isa = PBXResourcesBuildPhase;
			buildActionMask = 2147483647;
			files = (
			);
			runOnlyForDeploymentPostprocessing = 0;
		};
		A0753B702006736F00EF26B6 /* Resources */ = {
			isa = PBXResourcesBuildPhase;
			buildActionMask = 2147483647;
			files = (
				A0753B802006736F00EF26B6 /* LaunchScreen.storyboard in Resources */,
				A0753B7D2006736F00EF26B6 /* Assets.xcassets in Resources */,
				A0753B7B2006736F00EF26B6 /* Main.storyboard in Resources */,
			);
			runOnlyForDeploymentPostprocessing = 0;
		};
/* End PBXResourcesBuildPhase section */

/* Begin PBXSourcesBuildPhase section */
		A061FCF82006777F00FD01D5 /* Sources */ = {
			isa = PBXSourcesBuildPhase;
			buildActionMask = 2147483647;
			files = (
				A061FCFF2006777F00FD01D5 /* PacketTunnelProvider.swift in Sources */,
			);
			runOnlyForDeploymentPostprocessing = 0;
		};
		A0753B6E2006736F00EF26B6 /* Sources */ = {
			isa = PBXSourcesBuildPhase;
			buildActionMask = 2147483647;
			files = (
				A0753B782006736F00EF26B6 /* MainViewController.swift in Sources */,
				A0EAFF892007AE9E00E4453A /* EncryptionViewController.swift in Sources */,
				A0753B762006736F00EF26B6 /* AppDelegate.swift in Sources */,
			);
			runOnlyForDeploymentPostprocessing = 0;
		};
/* End PBXSourcesBuildPhase section */

/* Begin PBXTargetDependency section */
		A061FD032006777F00FD01D5 /* PBXTargetDependency */ = {
			isa = PBXTargetDependency;
			target = A061FCFB2006777F00FD01D5 /* Extension */;
			targetProxy = A061FD022006777F00FD01D5 /* PBXContainerItemProxy */;
		};
/* End PBXTargetDependency section */

/* Begin PBXVariantGroup section */
		A0753B792006736F00EF26B6 /* Main.storyboard */ = {
			isa = PBXVariantGroup;
			children = (
				A0753B7A2006736F00EF26B6 /* Base */,
			);
			name = Main.storyboard;
			sourceTree = "<group>";
		};
		A0753B7E2006736F00EF26B6 /* LaunchScreen.storyboard */ = {
			isa = PBXVariantGroup;
			children = (
				A0753B7F2006736F00EF26B6 /* Base */,
			);
			name = LaunchScreen.storyboard;
			sourceTree = "<group>";
		};
/* End PBXVariantGroup section */

/* Begin XCBuildConfiguration section */
		A061FD062006777F00FD01D5 /* Debug */ = {
			isa = XCBuildConfiguration;
			buildSettings = {
				CODE_SIGN_ENTITLEMENTS = Extension/Extension.entitlements;
				CODE_SIGN_STYLE = Manual;
				DEVELOPMENT_TEAM = W36S8KLY7S;
				INFOPLIST_FILE = "$(SRCROOT)/Extension/Info.plist";
				LD_RUNPATH_SEARCH_PATHS = "$(inherited) @executable_path/Frameworks @executable_path/../../Frameworks";
				PRODUCT_BUNDLE_IDENTIFIER = com.netzarchitekten.iONE.Ext;
				PRODUCT_NAME = "$(TARGET_NAME)";
				PROVISIONING_PROFILE = "59eaee16-000b-4e00-8f00-2dd232e85115";
				PROVISIONING_PROFILE_SPECIFIER = "iONE Extension Dev";
				SKIP_INSTALL = YES;
				SWIFT_VERSION = 4.0;
				TARGETED_DEVICE_FAMILY = "1,2";
			};
			name = Debug;
		};
		A061FD072006777F00FD01D5 /* Release */ = {
			isa = XCBuildConfiguration;
			buildSettings = {
				CODE_SIGN_ENTITLEMENTS = Extension/Extension.entitlements;
				CODE_SIGN_STYLE = Manual;
				DEVELOPMENT_TEAM = "";
				INFOPLIST_FILE = "$(SRCROOT)/Extension/Info.plist";
				LD_RUNPATH_SEARCH_PATHS = "$(inherited) @executable_path/Frameworks @executable_path/../../Frameworks";
				PRODUCT_BUNDLE_IDENTIFIER = com.netzarchitekten.iONE.Ext;
				PRODUCT_NAME = "$(TARGET_NAME)";
				PROVISIONING_PROFILE_SPECIFIER = "";
				SKIP_INSTALL = YES;
				SWIFT_VERSION = 4.0;
				TARGETED_DEVICE_FAMILY = "1,2";
			};
			name = Release;
		};
		A0753B822006736F00EF26B6 /* Debug */ = {
			isa = XCBuildConfiguration;
			buildSettings = {
				ALWAYS_SEARCH_USER_PATHS = NO;
				CLANG_ANALYZER_NONNULL = YES;
				CLANG_ANALYZER_NUMBER_OBJECT_CONVERSION = YES_AGGRESSIVE;
				CLANG_CXX_LANGUAGE_STANDARD = "gnu++14";
				CLANG_CXX_LIBRARY = "libc++";
				CLANG_ENABLE_MODULES = YES;
				CLANG_ENABLE_OBJC_ARC = YES;
				CLANG_WARN_BLOCK_CAPTURE_AUTORELEASING = YES;
				CLANG_WARN_BOOL_CONVERSION = YES;
				CLANG_WARN_COMMA = YES;
				CLANG_WARN_CONSTANT_CONVERSION = YES;
				CLANG_WARN_DIRECT_OBJC_ISA_USAGE = YES_ERROR;
				CLANG_WARN_DOCUMENTATION_COMMENTS = YES;
				CLANG_WARN_EMPTY_BODY = YES;
				CLANG_WARN_ENUM_CONVERSION = YES;
				CLANG_WARN_INFINITE_RECURSION = YES;
				CLANG_WARN_INT_CONVERSION = YES;
				CLANG_WARN_NON_LITERAL_NULL_CONVERSION = YES;
				CLANG_WARN_OBJC_LITERAL_CONVERSION = YES;
				CLANG_WARN_OBJC_ROOT_CLASS = YES_ERROR;
				CLANG_WARN_RANGE_LOOP_ANALYSIS = YES;
				CLANG_WARN_STRICT_PROTOTYPES = YES;
				CLANG_WARN_SUSPICIOUS_MOVE = YES;
				CLANG_WARN_UNGUARDED_AVAILABILITY = YES_AGGRESSIVE;
				CLANG_WARN_UNREACHABLE_CODE = YES;
				CLANG_WARN__DUPLICATE_METHOD_MATCH = YES;
				CODE_SIGN_IDENTITY = "iPhone Developer";
				COPY_PHASE_STRIP = NO;
				DEBUG_INFORMATION_FORMAT = dwarf;
				ENABLE_STRICT_OBJC_MSGSEND = YES;
				ENABLE_TESTABILITY = YES;
				GCC_C_LANGUAGE_STANDARD = gnu11;
				GCC_DYNAMIC_NO_PIC = NO;
				GCC_NO_COMMON_BLOCKS = YES;
				GCC_OPTIMIZATION_LEVEL = 0;
				GCC_PREPROCESSOR_DEFINITIONS = (
					"DEBUG=1",
					"$(inherited)",
				);
				GCC_WARN_64_TO_32_BIT_CONVERSION = YES;
				GCC_WARN_ABOUT_RETURN_TYPE = YES_ERROR;
				GCC_WARN_UNDECLARED_SELECTOR = YES;
				GCC_WARN_UNINITIALIZED_AUTOS = YES_AGGRESSIVE;
				GCC_WARN_UNUSED_FUNCTION = YES;
				GCC_WARN_UNUSED_VARIABLE = YES;
				IPHONEOS_DEPLOYMENT_TARGET = 11.2;
				MTL_ENABLE_DEBUG_INFO = YES;
				ONLY_ACTIVE_ARCH = YES;
				SDKROOT = iphoneos;
				SWIFT_ACTIVE_COMPILATION_CONDITIONS = DEBUG;
				SWIFT_OPTIMIZATION_LEVEL = "-Onone";
			};
			name = Debug;
		};
		A0753B832006736F00EF26B6 /* Release */ = {
			isa = XCBuildConfiguration;
			buildSettings = {
				ALWAYS_SEARCH_USER_PATHS = NO;
				CLANG_ANALYZER_NONNULL = YES;
				CLANG_ANALYZER_NUMBER_OBJECT_CONVERSION = YES_AGGRESSIVE;
				CLANG_CXX_LANGUAGE_STANDARD = "gnu++14";
				CLANG_CXX_LIBRARY = "libc++";
				CLANG_ENABLE_MODULES = YES;
				CLANG_ENABLE_OBJC_ARC = YES;
				CLANG_WARN_BLOCK_CAPTURE_AUTORELEASING = YES;
				CLANG_WARN_BOOL_CONVERSION = YES;
				CLANG_WARN_COMMA = YES;
				CLANG_WARN_CONSTANT_CONVERSION = YES;
				CLANG_WARN_DIRECT_OBJC_ISA_USAGE = YES_ERROR;
				CLANG_WARN_DOCUMENTATION_COMMENTS = YES;
				CLANG_WARN_EMPTY_BODY = YES;
				CLANG_WARN_ENUM_CONVERSION = YES;
				CLANG_WARN_INFINITE_RECURSION = YES;
				CLANG_WARN_INT_CONVERSION = YES;
				CLANG_WARN_NON_LITERAL_NULL_CONVERSION = YES;
				CLANG_WARN_OBJC_LITERAL_CONVERSION = YES;
				CLANG_WARN_OBJC_ROOT_CLASS = YES_ERROR;
				CLANG_WARN_RANGE_LOOP_ANALYSIS = YES;
				CLANG_WARN_STRICT_PROTOTYPES = YES;
				CLANG_WARN_SUSPICIOUS_MOVE = YES;
				CLANG_WARN_UNGUARDED_AVAILABILITY = YES_AGGRESSIVE;
				CLANG_WARN_UNREACHABLE_CODE = YES;
				CLANG_WARN__DUPLICATE_METHOD_MATCH = YES;
				CODE_SIGN_IDENTITY = "iPhone Developer";
				COPY_PHASE_STRIP = NO;
				DEBUG_INFORMATION_FORMAT = "dwarf-with-dsym";
				ENABLE_NS_ASSERTIONS = NO;
				ENABLE_STRICT_OBJC_MSGSEND = YES;
				GCC_C_LANGUAGE_STANDARD = gnu11;
				GCC_NO_COMMON_BLOCKS = YES;
				GCC_WARN_64_TO_32_BIT_CONVERSION = YES;
				GCC_WARN_ABOUT_RETURN_TYPE = YES_ERROR;
				GCC_WARN_UNDECLARED_SELECTOR = YES;
				GCC_WARN_UNINITIALIZED_AUTOS = YES_AGGRESSIVE;
				GCC_WARN_UNUSED_FUNCTION = YES;
				GCC_WARN_UNUSED_VARIABLE = YES;
				IPHONEOS_DEPLOYMENT_TARGET = 11.2;
				MTL_ENABLE_DEBUG_INFO = NO;
				SDKROOT = iphoneos;
				SWIFT_OPTIMIZATION_LEVEL = "-Owholemodule";
				VALIDATE_PRODUCT = YES;
			};
			name = Release;
		};
		A0753B852006736F00EF26B6 /* Debug */ = {
			isa = XCBuildConfiguration;
			buildSettings = {
				ALWAYS_EMBED_SWIFT_STANDARD_LIBRARIES = YES;
				ASSETCATALOG_COMPILER_APPICON_NAME = AppIcon;
				CODE_SIGN_ENTITLEMENTS = iONE/iONE.entitlements;
				"CODE_SIGN_IDENTITY[sdk=iphoneos*]" = "iPhone Developer";
				CODE_SIGN_STYLE = Manual;
				DEVELOPMENT_TEAM = W36S8KLY7S;
				INFOPLIST_FILE = iONE/Info.plist;
				IPHONEOS_DEPLOYMENT_TARGET = 10.0;
				LD_RUNPATH_SEARCH_PATHS = "$(inherited) @executable_path/Frameworks";
				PRODUCT_BUNDLE_IDENTIFIER = com.netzarchitekten.iONE;
				PRODUCT_NAME = "$(TARGET_NAME)";
				PROVISIONING_PROFILE = "9ac5a138-5ef2-44e6-b0b7-93d7de695553";
				PROVISIONING_PROFILE_SPECIFIER = "iONE Dev";
				SWIFT_VERSION = 4.0;
				TARGETED_DEVICE_FAMILY = "1,2";
			};
			name = Debug;
		};
		A0753B862006736F00EF26B6 /* Release */ = {
			isa = XCBuildConfiguration;
			buildSettings = {
				ALWAYS_EMBED_SWIFT_STANDARD_LIBRARIES = YES;
				ASSETCATALOG_COMPILER_APPICON_NAME = AppIcon;
				CODE_SIGN_ENTITLEMENTS = iONE/iONE.entitlements;
				"CODE_SIGN_IDENTITY[sdk=iphoneos*]" = "iPhone Developer";
				CODE_SIGN_STYLE = Manual;
				DEVELOPMENT_TEAM = "";
				INFOPLIST_FILE = iONE/Info.plist;
				IPHONEOS_DEPLOYMENT_TARGET = 10.0;
				LD_RUNPATH_SEARCH_PATHS = "$(inherited) @executable_path/Frameworks";
				PRODUCT_BUNDLE_IDENTIFIER = com.netzarchitekten.iONE;
				PRODUCT_NAME = "$(TARGET_NAME)";
				PROVISIONING_PROFILE_SPECIFIER = "";
				SWIFT_VERSION = 4.0;
				TARGETED_DEVICE_FAMILY = "1,2";
			};
			name = Release;
		};
/* End XCBuildConfiguration section */

/* Begin XCConfigurationList section */
		A061FD052006777F00FD01D5 /* Build configuration list for PBXNativeTarget "Extension" */ = {
			isa = XCConfigurationList;
			buildConfigurations = (
				A061FD062006777F00FD01D5 /* Debug */,
				A061FD072006777F00FD01D5 /* Release */,
			);
			defaultConfigurationIsVisible = 0;
			defaultConfigurationName = Release;
		};
		A0753B6D2006736E00EF26B6 /* Build configuration list for PBXProject "iONE" */ = {
			isa = XCConfigurationList;
			buildConfigurations = (
				A0753B822006736F00EF26B6 /* Debug */,
				A0753B832006736F00EF26B6 /* Release */,
			);
			defaultConfigurationIsVisible = 0;
			defaultConfigurationName = Release;
		};
		A0753B842006736F00EF26B6 /* Build configuration list for PBXNativeTarget "iONE" */ = {
			isa = XCConfigurationList;
			buildConfigurations = (
				A0753B852006736F00EF26B6 /* Debug */,
				A0753B862006736F00EF26B6 /* Release */,
			);
			defaultConfigurationIsVisible = 0;
			defaultConfigurationName = Release;
		};
/* End XCConfigurationList section */
	};
	rootObject = A0753B6A2006736E00EF26B6 /* Project object */;
}
